
Microsoft Visual Studio Solution File, Format Version 12.00
# Visual Studio Version 16
VisualStudioVersion = 16.0.31624.102
MinimumVisualStudioVersion = 10.0.40219.1
Project("{FAE04EC0-301F-11D3-BF4B-00C04F79EFBC}") = "Msl.IU.AppModelo", "src\Msl.IU.AppModelo\Msl.IU.AppModelo.csproj", "{5FDFA056-96E9-42B1-A74F-F0A14A860FA5}"
EndProject
Global
	GlobalSection(SolutionConfigurationPlatforms) = preSolution
		Debug|Any CPU = Debug|Any CPU
		Release|Any CPU = Release|Any CPU
	EndGlobalSection
	GlobalSection(ProjectConfigurationPlatforms) = postSolution
		{5FDFA056-96E9-42B1-A74F-F0A14A860FA5}.Debug|Any CPU.ActiveCfg = Debug|Any CPU
		{5FDFA056-96E9-42B1-A74F-F0A14A860FA5}.Debug|Any CPU.Build.0 = Debug|Any CPU
		{5FDFA056-96E9-42B1-A74F-F0A14A860FA5}.Release|Any CPU.ActiveCfg = Release|Any CPU
		{5FDFA056-96E9-42B1-A74F-F0A14A860FA5}.Release|Any CPU.Build.0 = Release|Any CPU
	EndGlobalSection
	GlobalSection(SolutionProperties) = preSolution
		HideSolutionNode = FALSE
	EndGlobalSection
	GlobalSection(ExtensibilityGlobals) = postSolution
		SolutionGuid = {C026BB72-E799-4819-AB98-2D0ED3083949}
	EndGlobalSection
EndGlobal
